
Microsoft Visual Studio Solution File, Format Version 12.00
Project("{FAE04EC0-301F-11D3-BF4B-00C04F79EFBC}") = "Avalonia.MusicStore", "Avalonia.MusicStore\Avalonia.MusicStore.csproj", "{9CDDC48B-E403-4C12-B1CE-9EF9E590829B}"
EndProject
Global
	GlobalSection(SolutionConfigurationPlatforms) = preSolution
		Debug|Any CPU = Debug|Any CPU
		Release|Any CPU = Release|Any CPU
	EndGlobalSection
	GlobalSection(ProjectConfigurationPlatforms) = postSolution
		{9CDDC48B-E403-4C12-B1CE-9EF9E590829B}.Debug|Any CPU.ActiveCfg = Debug|Any CPU
		{9CDDC48B-E403-4C12-B1CE-9EF9E590829B}.Debug|Any CPU.Build.0 = Debug|Any CPU
		{9CDDC48B-E403-4C12-B1CE-9EF9E590829B}.Release|Any CPU.ActiveCfg = Release|Any CPU
		{9CDDC48B-E403-4C12-B1CE-9EF9E590829B}.Release|Any CPU.Build.0 = Release|Any CPU
	EndGlobalSection
EndGlobal
